
Microsoft Visual Studio Solution File, Format Version 12.00
Project("{2150E333-8FDC-42A3-9474-1A3956D46DE8}") = "Server", "Server", "{0159AE68-612A-45B9-93B0-A27BCFBD39C1}"
EndProject
Project("{FAE04EC0-301F-11D3-BF4B-00C04F79EFBC}") = "RepositoryContracts", "Server\RepositoryContracts\RepositoryContracts.csproj", "{919D7298-0AD5-4B41-A28F-F6F2539A8542}"
EndProject
Project("{FAE04EC0-301F-11D3-BF4B-00C04F79EFBC}") = "Entities", "Server\Entities\Entities.csproj", "{898DFB30-08B0-4638-B825-F54896A7385E}"
EndProject
Project("{FAE04EC0-301F-11D3-BF4B-00C04F79EFBC}") = "InMemoryRepositories", "Server\InMemoryRepositories\InMemoryRepositories.csproj", "{82C14B1E-8C81-44BD-96BE-80E9C29262C6}"
EndProject
Project("{FAE04EC0-301F-11D3-BF4B-00C04F79EFBC}") = "CLI", "Server\CLI\CLI.csproj", "{1CD17E1C-FAF3-4E62-8606-371A067784D2}"
EndProject
Global
	GlobalSection(SolutionConfigurationPlatforms) = preSolution
		Debug|Any CPU = Debug|Any CPU
		Release|Any CPU = Release|Any CPU
	EndGlobalSection
	GlobalSection(ProjectConfigurationPlatforms) = postSolution
		{919D7298-0AD5-4B41-A28F-F6F2539A8542}.Debug|Any CPU.ActiveCfg = Debug|Any CPU
		{919D7298-0AD5-4B41-A28F-F6F2539A8542}.Debug|Any CPU.Build.0 = Debug|Any CPU
		{919D7298-0AD5-4B41-A28F-F6F2539A8542}.Release|Any CPU.ActiveCfg = Release|Any CPU
		{919D7298-0AD5-4B41-A28F-F6F2539A8542}.Release|Any CPU.Build.0 = Release|Any CPU
		{898DFB30-08B0-4638-B825-F54896A7385E}.Debug|Any CPU.ActiveCfg = Debug|Any CPU
		{898DFB30-08B0-4638-B825-F54896A7385E}.Debug|Any CPU.Build.0 = Debug|Any CPU
		{898DFB30-08B0-4638-B825-F54896A7385E}.Release|Any CPU.ActiveCfg = Release|Any CPU
		{898DFB30-08B0-4638-B825-F54896A7385E}.Release|Any CPU.Build.0 = Release|Any CPU
		{82C14B1E-8C81-44BD-96BE-80E9C29262C6}.Debug|Any CPU.ActiveCfg = Debug|Any CPU
		{82C14B1E-8C81-44BD-96BE-80E9C29262C6}.Debug|Any CPU.Build.0 = Debug|Any CPU
		{82C14B1E-8C81-44BD-96BE-80E9C29262C6}.Release|Any CPU.ActiveCfg = Release|Any CPU
		{82C14B1E-8C81-44BD-96BE-80E9C29262C6}.Release|Any CPU.Build.0 = Release|Any CPU
		{1CD17E1C-FAF3-4E62-8606-371A067784D2}.Debug|Any CPU.ActiveCfg = Debug|Any CPU
		{1CD17E1C-FAF3-4E62-8606-371A067784D2}.Debug|Any CPU.Build.0 = Debug|Any CPU
		{1CD17E1C-FAF3-4E62-8606-371A067784D2}.Release|Any CPU.ActiveCfg = Release|Any CPU
		{1CD17E1C-FAF3-4E62-8606-371A067784D2}.Release|Any CPU.Build.0 = Release|Any CPU
	EndGlobalSection
	GlobalSection(NestedProjects) = preSolution
		{919D7298-0AD5-4B41-A28F-F6F2539A8542} = {0159AE68-612A-45B9-93B0-A27BCFBD39C1}
		{898DFB30-08B0-4638-B825-F54896A7385E} = {0159AE68-612A-45B9-93B0-A27BCFBD39C1}
		{82C14B1E-8C81-44BD-96BE-80E9C29262C6} = {0159AE68-612A-45B9-93B0-A27BCFBD39C1}
		{1CD17E1C-FAF3-4E62-8606-371A067784D2} = {0159AE68-612A-45B9-93B0-A27BCFBD39C1}
	EndGlobalSection
EndGlobal
